{
  "lockfile_version": "1",
  "packages": {
    "corepack_22@latest": {
      "last_modified": "2025-02-07T11:26:36Z",
      "resolved": "github:NixOS/nixpkgs/d98abf5cf5914e5e4e9d57205e3af55ca90ffc1d#corepack_22",
      "source": "devbox-search",
      "version": "22.13.1",
      "systems": {
        "aarch64-darwin": {
          "outputs": [
            {
              "name": "out",
              "path": "/nix/store/mkskqfkrdy891lwcyfwf05gi4skhad3s-corepack-nodejs-22.13.1",
              "default": true
            }
          ],
          "store_path": "/nix/store/mkskqfkrdy891lwcyfwf05gi4skhad3s-corepack-nodejs-22.13.1"
        },
        "aarch64-linux": {
          "outputs": [
            {
              "name": "out",
              "path": "/nix/store/38097lwh177kgwy79znggw4ikwk2yxl5-corepack-nodejs-22.13.1",
              "default": true
            }
          ],
          "store_path": "/nix/store/38097lwh177kgwy79znggw4ikwk2yxl5-corepack-nodejs-22.13.1"
        },
        "x86_64-darwin": {
          "outputs": [
            {
              "name": "out",
              "path": "/nix/store/3s1bljip5nmf0kddgkim42x921wmhjba-corepack-nodejs-22.13.1",
              "default": true
            }
          ],
          "store_path": "/nix/store/3s1bljip5nmf0kddgkim42x921wmhjba-corepack-nodejs-22.13.1"
        },
        "x86_64-linux": {
          "outputs": [
            {
              "name": "out",
              "path": "/nix/store/7vpdgkz28ysnkwz5qvmzd6a9kvch2np7-corepack-nodejs-22.13.1",
              "default": true
            }
          ],
          "store_path": "/nix/store/7vpdgkz28ysnkwz5qvmzd6a9kvch2np7-corepack-nodejs-22.13.1"
        }
      }
    },
    "git-secret@latest": {
      "last_modified": "2025-02-07T11:26:36Z",
      "resolved": "github:NixOS/nixpkgs/d98abf5cf5914e5e4e9d57205e3af55ca90ffc1d#git-secret",
      "source": "devbox-search",
      "version": "0.5.0-unstable-2024-12-09",
      "systems": {
        "aarch64-darwin": {
          "outputs": [
            {
              "name": "out",
              "path": "/nix/store/p1mrfgr1hpjyvgg7dzf9yvmak9cy1ydh-git-secret-0.5.0-unstable-2024-12-09",
              "default": true
            }
          ],
          "store_path": "/nix/store/p1mrfgr1hpjyvgg7dzf9yvmak9cy1ydh-git-secret-0.5.0-unstable-2024-12-09"
        },
        "aarch64-linux": {
          "outputs": [
            {
              "name": "out",
              "path": "/nix/store/i3gxyhfqad9qy07c0dsc4qbzg0iq5ijg-git-secret-0.5.0-unstable-2024-12-09",
              "default": true
            }
          ],
          "store_path": "/nix/store/i3gxyhfqad9qy07c0dsc4qbzg0iq5ijg-git-secret-0.5.0-unstable-2024-12-09"
        },
        "x86_64-darwin": {
          "outputs": [
            {
              "name": "out",
              "path": "/nix/store/l44qxx5yzwbsvjcmcqpwlz9a2d9gpr5m-git-secret-0.5.0-unstable-2024-12-09",
              "default": true
            }
          ],
          "store_path": "/nix/store/l44qxx5yzwbsvjcmcqpwlz9a2d9gpr5m-git-secret-0.5.0-unstable-2024-12-09"
        },
        "x86_64-linux": {
          "outputs": [
            {
              "name": "out",
              "path": "/nix/store/in4ad4lvlsv84qzsi61z5mghrxlflc31-git-secret-0.5.0-unstable-2024-12-09",
              "default": true
            }
          ],
          "store_path": "/nix/store/in4ad4lvlsv84qzsi61z5mghrxlflc31-git-secret-0.5.0-unstable-2024-12-09"
        }
      }
    },
    "git@latest": {
      "last_modified": "2025-02-07T11:26:36Z",
      "resolved": "github:NixOS/nixpkgs/d98abf5cf5914e5e4e9d57205e3af55ca90ffc1d#git",
      "source": "devbox-search",
      "version": "2.47.2",
      "systems": {
        "aarch64-darwin": {
          "outputs": [
            {
              "name": "out",
              "path": "/nix/store/9z3jhc0rlj3zaw8nd1zka9vli6w0q11g-git-2.47.2",
              "default": true
            },
            {
              "name": "doc",
              "path": "/nix/store/rh151iwgy4h8yv8kxd5facw57cyj0bav-git-2.47.2-doc"
            }
          ],
          "store_path": "/nix/store/9z3jhc0rlj3zaw8nd1zka9vli6w0q11g-git-2.47.2"
        },
        "aarch64-linux": {
          "outputs": [
            {
              "name": "out",
              "path": "/nix/store/gx5y37qcfqdvn0h6swjd04dmqjjh3nk7-git-2.47.2",
              "default": true
            },
            {
              "name": "debug",
              "path": "/nix/store/8vfpmf3vjgzl2psip76p0f9h11sb6y3p-git-2.47.2-debug"
            },
            {
              "name": "doc",
              "path": "/nix/store/c25mq3q83dvw3k5pb0qr5333g3cycylq-git-2.47.2-doc"
            }
          ],
          "store_path": "/nix/store/gx5y37qcfqdvn0h6swjd04dmqjjh3nk7-git-2.47.2"
        },
        "x86_64-darwin": {
          "outputs": [
            {
              "name": "out",
              "path": "/nix/store/39xx5gx3hxigs1b5ldw5i2jr84vsn3rf-git-2.47.2",
              "default": true
            },
            {
              "name": "doc",
              "path": "/nix/store/xmh2djjrnbpiqqgpblrcbavnqh0nv4km-git-2.47.2-doc"
            }
          ],
          "store_path": "/nix/store/39xx5gx3hxigs1b5ldw5i2jr84vsn3rf-git-2.47.2"
        },
        "x86_64-linux": {
          "outputs": [
            {
              "name": "out",
              "path": "/nix/store/33g65w5cc9n8fr0hxj84282xmv4l7hyl-git-2.47.2",
              "default": true
            },
            {
              "name": "debug",
              "path": "/nix/store/jyz4nvcd3bci4vg2sfsmvrq0fp9mzr5a-git-2.47.2-debug"
            },
            {
              "name": "doc",
              "path": "/nix/store/lb4nipdhlwrxdavz7gdkcik6lkz3cbdm-git-2.47.2-doc"
            }
          ],
          "store_path": "/nix/store/33g65w5cc9n8fr0hxj84282xmv4l7hyl-git-2.47.2"
        }
      }
    },
    "github:NixOS/nixpkgs/nixpkgs-unstable": {
      "resolved": "github:NixOS/nixpkgs/632f04521e847173c54fa72973ec6c39a371211c?lastModified=1739863612&narHash=sha256-UbtgxplOhFcyjBcNbTVO8%2BHUHAl%2FWXFDOb6LvqShiZo%3D"
    },
    "glibcLocales@latest": {
      "last_modified": "2025-02-07T11:26:36Z",
      "resolved": "github:NixOS/nixpkgs/d98abf5cf5914e5e4e9d57205e3af55ca90ffc1d#glibcLocales",
      "source": "devbox-search",
      "version": "2.40-66",
      "systems": {
        "aarch64-linux": {
          "outputs": [
            {
              "name": "out",
              "path": "/nix/store/msl6h7i0mgzayw4icb58hccfkh9672bl-glibc-locales-2.40-66",
              "default": true
            }
          ],
          "store_path": "/nix/store/msl6h7i0mgzayw4icb58hccfkh9672bl-glibc-locales-2.40-66"
        },
        "x86_64-linux": {
          "outputs": [
            {
              "name": "out",
              "path": "/nix/store/p1fn0y9zbq7fng8cn49cvinqqh47slax-glibc-locales-2.40-66",
              "default": true
            }
          ],
          "store_path": "/nix/store/p1fn0y9zbq7fng8cn49cvinqqh47slax-glibc-locales-2.40-66"
        }
      }
    },
    "gnupg@latest": {
      "last_modified": "2025-02-07T11:26:36Z",
      "resolved": "github:NixOS/nixpkgs/d98abf5cf5914e5e4e9d57205e3af55ca90ffc1d#gnupg",
      "source": "devbox-search",
      "version": "2.4.7",
      "systems": {
        "aarch64-darwin": {
          "outputs": [
            {
              "name": "out",
              "path": "/nix/store/acj9dh5psznc6hm0m5y94f2g5a23qk8g-gnupg-2.4.7",
              "default": true
            }
          ],
          "store_path": "/nix/store/acj9dh5psznc6hm0m5y94f2g5a23qk8g-gnupg-2.4.7"
        },
        "aarch64-linux": {
          "outputs": [
            {
              "name": "out",
              "path": "/nix/store/0bm89s951hw7hng8adppiiz5bch332d9-gnupg-2.4.7",
              "default": true
            }
          ],
          "store_path": "/nix/store/0bm89s951hw7hng8adppiiz5bch332d9-gnupg-2.4.7"
        },
        "x86_64-darwin": {
          "outputs": [
            {
              "name": "out",
              "path": "/nix/store/lnjc0qfbbpnpzj7fq7y7agwpiyvhs803-gnupg-2.4.7",
              "default": true
            }
          ],
          "store_path": "/nix/store/lnjc0qfbbpnpzj7fq7y7agwpiyvhs803-gnupg-2.4.7"
        },
        "x86_64-linux": {
          "outputs": [
            {
              "name": "out",
              "path": "/nix/store/2c15y7xyc4c6p478frpjzv9mrb6i2fqb-gnupg-2.4.7",
              "default": true
            }
          ],
          "store_path": "/nix/store/2c15y7xyc4c6p478frpjzv9mrb6i2fqb-gnupg-2.4.7"
        }
      }
    },
    "go-migrate@latest": {
      "last_modified": "2025-02-07T11:26:36Z",
      "resolved": "github:NixOS/nixpkgs/d98abf5cf5914e5e4e9d57205e3af55ca90ffc1d#go-migrate",
      "source": "devbox-search",
      "version": "4.18.2",
      "systems": {
        "aarch64-darwin": {
          "outputs": [
            {
              "name": "out",
              "path": "/nix/store/d4jil3if35svwg1h5ycjhfqm5w5r1ifz-go-migrate-4.18.2",
              "default": true
            }
          ],
          "store_path": "/nix/store/d4jil3if35svwg1h5ycjhfqm5w5r1ifz-go-migrate-4.18.2"
        },
        "aarch64-linux": {
          "outputs": [
            {
              "name": "out",
              "path": "/nix/store/hg3f9h36psppq1n865ib8nlfbam275zp-go-migrate-4.18.2",
              "default": true
            }
          ],
          "store_path": "/nix/store/hg3f9h36psppq1n865ib8nlfbam275zp-go-migrate-4.18.2"
        },
        "x86_64-darwin": {
          "outputs": [
            {
              "name": "out",
              "path": "/nix/store/6mdcmn8hgw89jwswnmdv88a5r3s7dpgm-go-migrate-4.18.2",
              "default": true
            }
          ],
          "store_path": "/nix/store/6mdcmn8hgw89jwswnmdv88a5r3s7dpgm-go-migrate-4.18.2"
        },
        "x86_64-linux": {
          "outputs": [
            {
              "name": "out",
              "path": "/nix/store/dbgm5cyv6z6nzk7k3dgdahjb2nf2l2p6-go-migrate-4.18.2",
              "default": true
            }
          ],
          "store_path": "/nix/store/dbgm5cyv6z6nzk7k3dgdahjb2nf2l2p6-go-migrate-4.18.2"
        }
      }
    },
    "go-tools@latest": {
      "last_modified": "2025-02-07T11:26:36Z",
      "resolved": "github:NixOS/nixpkgs/d98abf5cf5914e5e4e9d57205e3af55ca90ffc1d#go-tools",
      "source": "devbox-search",
      "version": "2024.1.1",
      "systems": {
        "aarch64-darwin": {
          "outputs": [
            {
              "name": "out",
              "path": "/nix/store/qgngj4pjxsccfl4khmb9k5q40lz0ycd3-go-tools-2024.1.1",
              "default": true
            }
          ],
          "store_path": "/nix/store/qgngj4pjxsccfl4khmb9k5q40lz0ycd3-go-tools-2024.1.1"
        },
        "aarch64-linux": {
          "outputs": [
            {
              "name": "out",
              "path": "/nix/store/mk1f506f5h76is1kmaapi43h06lq361h-go-tools-2024.1.1",
              "default": true
            }
          ],
          "store_path": "/nix/store/mk1f506f5h76is1kmaapi43h06lq361h-go-tools-2024.1.1"
        },
        "x86_64-darwin": {
          "outputs": [
            {
              "name": "out",
              "path": "/nix/store/4xzq1bm53srq8mkjap4433v66v5y7bg2-go-tools-2024.1.1",
              "default": true
            }
          ],
          "store_path": "/nix/store/4xzq1bm53srq8mkjap4433v66v5y7bg2-go-tools-2024.1.1"
        },
        "x86_64-linux": {
          "outputs": [
            {
              "name": "out",
              "path": "/nix/store/8k5xfpbxmfgkwv0bksw15mdybjp6q4pa-go-tools-2024.1.1",
              "default": true
            }
          ],
          "store_path": "/nix/store/8k5xfpbxmfgkwv0bksw15mdybjp6q4pa-go-tools-2024.1.1"
        }
      }
    },
    "go@1.23.5": {
      "last_modified": "2025-02-07T11:26:36Z",
      "resolved": "github:NixOS/nixpkgs/d98abf5cf5914e5e4e9d57205e3af55ca90ffc1d#go",
      "source": "devbox-search",
      "version": "1.23.5",
      "systems": {
        "aarch64-darwin": {
          "outputs": [
            {
              "name": "out",
              "path": "/nix/store/nygq6zbzjqg8zkx8p9xh0ydvvi0v2vvv-go-1.23.5",
              "default": true
            }
          ],
          "store_path": "/nix/store/nygq6zbzjqg8zkx8p9xh0ydvvi0v2vvv-go-1.23.5"
        },
        "aarch64-linux": {
          "outputs": [
            {
              "name": "out",
              "path": "/nix/store/f3psxd8yplxjxv5nzkhhrczlfdipqqas-go-1.23.5",
              "default": true
            }
          ],
          "store_path": "/nix/store/f3psxd8yplxjxv5nzkhhrczlfdipqqas-go-1.23.5"
        },
        "x86_64-darwin": {
          "outputs": [
            {
              "name": "out",
              "path": "/nix/store/xjyip7f73zvpbld41qgj0jspka4624jr-go-1.23.5",
              "default": true
            }
          ],
          "store_path": "/nix/store/xjyip7f73zvpbld41qgj0jspka4624jr-go-1.23.5"
        },
        "x86_64-linux": {
          "outputs": [
            {
              "name": "out",
              "path": "/nix/store/kaajk63cgb8yrqvqvlmbss31b6nia854-go-1.23.5",
              "default": true
            }
          ],
          "store_path": "/nix/store/kaajk63cgb8yrqvqvlmbss31b6nia854-go-1.23.5"
        }
      }
    },
    "gofumpt@latest": {
      "last_modified": "2025-02-07T11:26:36Z",
      "resolved": "github:NixOS/nixpkgs/d98abf5cf5914e5e4e9d57205e3af55ca90ffc1d#gofumpt",
      "source": "devbox-search",
      "version": "0.7.0",
      "systems": {
        "aarch64-darwin": {
          "outputs": [
            {
              "name": "out",
              "path": "/nix/store/675xw4ak12yjrdqdh1a7ir190irrckai-gofumpt-0.7.0",
              "default": true
            }
          ],
          "store_path": "/nix/store/675xw4ak12yjrdqdh1a7ir190irrckai-gofumpt-0.7.0"
        },
        "aarch64-linux": {
          "outputs": [
            {
              "name": "out",
              "path": "/nix/store/6k117ys4vrd1699a6168smbz1i2ka8s0-gofumpt-0.7.0",
              "default": true
            }
          ],
          "store_path": "/nix/store/6k117ys4vrd1699a6168smbz1i2ka8s0-gofumpt-0.7.0"
        },
        "x86_64-darwin": {
          "outputs": [
            {
              "name": "out",
              "path": "/nix/store/08k254mr11ffryvv42n29nvhmkcxmnql-gofumpt-0.7.0",
              "default": true
            }
          ],
          "store_path": "/nix/store/08k254mr11ffryvv42n29nvhmkcxmnql-gofumpt-0.7.0"
        },
        "x86_64-linux": {
          "outputs": [
            {
              "name": "out",
              "path": "/nix/store/m64p14qm2xr45a36g6c4p1isw340am77-gofumpt-0.7.0",
              "default": true
            }
          ],
          "store_path": "/nix/store/m64p14qm2xr45a36g6c4p1isw340am77-gofumpt-0.7.0"
        }
      }
    },
    "jq@latest": {
      "last_modified": "2025-02-16T09:28:34Z",
      "resolved": "github:NixOS/nixpkgs/b1b43d32be000928cc71250ed77f4a0a5f2bc23a#jq",
      "source": "devbox-search",
      "version": "1.7.1",
      "systems": {
        "aarch64-darwin": {
          "outputs": [
            {
              "name": "bin",
              "path": "/nix/store/lmlmb3a5kzza0si8xfghr7x17vg8bzxb-jq-1.7.1-bin",
              "default": true
            },
            {
              "name": "man",
              "path": "/nix/store/afygplc4dm1ry7ww3702wafvy8bs9sxc-jq-1.7.1-man",
              "default": true
            },
            {
              "name": "out",
              "path": "/nix/store/jm1bv0cha32k9967sv0z40kqgn5slz4i-jq-1.7.1"
            },
            {
              "name": "dev",
              "path": "/nix/store/89q76wghz9xj2myglfwpv0n6yc19c8i6-jq-1.7.1-dev"
            },
            {
              "name": "doc",
              "path": "/nix/store/dw2717n906kj3xp090fg9cqvcm747jic-jq-1.7.1-doc"
            }
          ],
          "store_path": "/nix/store/lmlmb3a5kzza0si8xfghr7x17vg8bzxb-jq-1.7.1-bin"
        },
        "aarch64-linux": {
          "outputs": [
            {
              "name": "bin",
              "path": "/nix/store/vwpm32inl7g5w4p1hqkhjlj1wv0ic67y-jq-1.7.1-bin",
              "default": true
            },
            {
              "name": "man",
              "path": "/nix/store/m546xg6bwy8i785z5a7nx1ca3k9isd93-jq-1.7.1-man",
              "default": true
            },
            {
              "name": "out",
              "path": "/nix/store/msmdzk125aal9mj8d0gd7r4sygh0mg4m-jq-1.7.1"
            },
            {
              "name": "dev",
              "path": "/nix/store/fn8f3hh3k8z3xxkl6al6qx78577w4hdx-jq-1.7.1-dev"
            },
            {
              "name": "doc",
              "path": "/nix/store/jzcllz8ry9hnlpq954ik9fi215iir24l-jq-1.7.1-doc"
            }
          ],
          "store_path": "/nix/store/vwpm32inl7g5w4p1hqkhjlj1wv0ic67y-jq-1.7.1-bin"
        },
        "x86_64-darwin": {
          "outputs": [
            {
              "name": "bin",
              "path": "/nix/store/j7hzqr3vfjghlm3wfy8va9b6abwhdkpf-jq-1.7.1-bin",
              "default": true
            },
            {
              "name": "man",
              "path": "/nix/store/1yr3pl2mrbb09i203bi1qppbzp4dvp7w-jq-1.7.1-man",
              "default": true
            },
            {
              "name": "dev",
              "path": "/nix/store/5sqag6l82rxxl24vj688vmqrqk4kg45z-jq-1.7.1-dev"
            },
            {
              "name": "doc",
              "path": "/nix/store/bg150ikzp69zfjb1klcckzpjy88djnag-jq-1.7.1-doc"
            },
            {
              "name": "out",
              "path": "/nix/store/jw6m3k9r4a7mvzcxr66fxib0s4182i9d-jq-1.7.1"
            }
          ],
          "store_path": "/nix/store/j7hzqr3vfjghlm3wfy8va9b6abwhdkpf-jq-1.7.1-bin"
        },
        "x86_64-linux": {
          "outputs": [
            {
              "name": "bin",
              "path": "/nix/store/n4xfh00cw7vnwnrlx9asp545z82pazgc-jq-1.7.1-bin",
              "default": true
            },
            {
              "name": "man",
              "path": "/nix/store/fj5sc6yb8v39min7kavc0i24nwmlsyki-jq-1.7.1-man",
              "default": true
            },
            {
              "name": "out",
              "path": "/nix/store/4b9rswbcgqiqidglpz6nrwlsfkhi7v22-jq-1.7.1"
            },
            {
              "name": "dev",
              "path": "/nix/store/lcjisy815hp4agl57xqh2w6mic1v8jlf-jq-1.7.1-dev"
            },
            {
              "name": "doc",
              "path": "/nix/store/41ir7g8plmi9257c4g8ag94jl9vhkp4l-jq-1.7.1-doc"
            }
          ],
          "store_path": "/nix/store/n4xfh00cw7vnwnrlx9asp545z82pazgc-jq-1.7.1-bin"
        }
      }
    },
    "lsof@latest": {
      "last_modified": "2025-02-07T11:26:36Z",
      "resolved": "github:NixOS/nixpkgs/d98abf5cf5914e5e4e9d57205e3af55ca90ffc1d#lsof",
      "source": "devbox-search",
      "version": "4.99.4",
      "systems": {
        "aarch64-darwin": {
          "outputs": [
            {
              "name": "out",
              "path": "/nix/store/95azhw5pq6j2fb9wvg8and2fvqx7p7hq-lsof-4.99.4",
              "default": true
            }
          ],
          "store_path": "/nix/store/95azhw5pq6j2fb9wvg8and2fvqx7p7hq-lsof-4.99.4"
        },
        "aarch64-linux": {
          "outputs": [
            {
              "name": "out",
              "path": "/nix/store/77yhm0smq3rkl5h0m8q36by26hkqfgb3-lsof-4.99.4",
              "default": true
            }
          ],
          "store_path": "/nix/store/77yhm0smq3rkl5h0m8q36by26hkqfgb3-lsof-4.99.4"
        },
        "x86_64-darwin": {
          "outputs": [
            {
              "name": "out",
              "path": "/nix/store/5r9ys6lngwlmrch6l2bjvvyws324lp7v-lsof-4.99.4",
              "default": true
            }
          ],
          "store_path": "/nix/store/5r9ys6lngwlmrch6l2bjvvyws324lp7v-lsof-4.99.4"
        },
        "x86_64-linux": {
          "outputs": [
            {
              "name": "out",
              "path": "/nix/store/hznjjc0w67dkgk8n417s1lbbqwhrlmq6-lsof-4.99.4",
              "default": true
            }
          ],
          "store_path": "/nix/store/hznjjc0w67dkgk8n417s1lbbqwhrlmq6-lsof-4.99.4"
        }
      }
    },
    "nodejs_22@latest": {
      "last_modified": "2025-02-07T11:26:36Z",
      "plugin_version": "0.0.2",
      "resolved": "github:NixOS/nixpkgs/d98abf5cf5914e5e4e9d57205e3af55ca90ffc1d#nodejs_22",
      "source": "devbox-search",
      "version": "22.13.1",
      "systems": {
        "aarch64-darwin": {
          "outputs": [
            {
              "name": "out",
              "path": "/nix/store/iqv9xkigz40p94zi0dgy3g21iybyvpkk-nodejs-22.13.1",
              "default": true
            },
            {
              "name": "libv8",
              "path": "/nix/store/imvfvqlxvwkdacjxln49hii8f3shir90-nodejs-22.13.1-libv8"
            }
          ],
          "store_path": "/nix/store/iqv9xkigz40p94zi0dgy3g21iybyvpkk-nodejs-22.13.1"
        },
        "aarch64-linux": {
          "outputs": [
            {
              "name": "out",
              "path": "/nix/store/77b6bhrkij6qdgl24bb33gpx6l7ijxpx-nodejs-22.13.1",
              "default": true
            },
            {
              "name": "libv8",
              "path": "/nix/store/3ry5lqz1126p39bmr6jc3h6qznbcaiqv-nodejs-22.13.1-libv8"
            }
          ],
          "store_path": "/nix/store/77b6bhrkij6qdgl24bb33gpx6l7ijxpx-nodejs-22.13.1"
        },
        "x86_64-darwin": {
          "outputs": [
            {
              "name": "out",
              "path": "/nix/store/j3mzln68f98vbkhxwb8gi06krwawnyrw-nodejs-22.13.1",
              "default": true
            },
            {
              "name": "libv8",
              "path": "/nix/store/r7h7c7i2qb3c7zrqpnyfj2dk1b1f7qvg-nodejs-22.13.1-libv8"
            }
          ],
          "store_path": "/nix/store/j3mzln68f98vbkhxwb8gi06krwawnyrw-nodejs-22.13.1"
        },
        "x86_64-linux": {
          "outputs": [
            {
              "name": "out",
              "path": "/nix/store/i1jdnip70qb7yh4krlzsgyxs0zdvw7xv-nodejs-22.13.1",
              "default": true
            },
            {
              "name": "libv8",
              "path": "/nix/store/6rnv25jp607ibr9k16paw776drvav77f-nodejs-22.13.1-libv8"
            }
          ],
          "store_path": "/nix/store/i1jdnip70qb7yh4krlzsgyxs0zdvw7xv-nodejs-22.13.1"
        }
      }
    },
    "postgresql_16@latest": {
      "last_modified": "2025-02-16T09:28:34Z",
      "plugin_version": "0.0.2",
      "resolved": "github:NixOS/nixpkgs/b1b43d32be000928cc71250ed77f4a0a5f2bc23a#postgresql_16",
      "source": "devbox-search",
      "version": "16.6",
      "systems": {
        "aarch64-darwin": {
          "outputs": [
            {
              "name": "out",
              "path": "/nix/store/nl8iak9bqxrnlwpjqnmhd27m1y0kbh38-postgresql-16.6",
              "default": true
            },
            {
              "name": "man",
              "path": "/nix/store/81cyjpy7qyihspmidhacsslb3pzgwyby-postgresql-16.6-man",
              "default": true
            },
            {
              "name": "dev",
              "path": "/nix/store/wl7ld7qdbfpyzl28z6p5qf1v6wdigal2-postgresql-16.6-dev"
            },
            {
              "name": "doc",
              "path": "/nix/store/2gsv0za5k4m0my9vizjpqdh7acs12hmp-postgresql-16.6-doc"
            },
            {
              "name": "lib",
              "path": "/nix/store/7vm2d70za7sf83xyxqh409pnrgg9bb6x-postgresql-16.6-lib"
            }
          ],
          "store_path": "/nix/store/nl8iak9bqxrnlwpjqnmhd27m1y0kbh38-postgresql-16.6"
        },
        "aarch64-linux": {
          "outputs": [
            {
              "name": "out",
              "path": "/nix/store/iswl1q8nq1v2jcv9s9jngnzvff0dxk29-postgresql-16.6",
              "default": true
            },
            {
              "name": "man",
              "path": "/nix/store/l6bvx4zsd2zibp15dj6q0xx786dyx9gi-postgresql-16.6-man",
              "default": true
            },
            {
              "name": "debug",
              "path": "/nix/store/axzpcirq3942qaamvp9rilz5cglgd5sq-postgresql-16.6-debug"
            },
            {
              "name": "dev",
              "path": "/nix/store/wh04fgq5jqysa3z28f81rj8dzqwadvhw-postgresql-16.6-dev"
            },
            {
              "name": "doc",
              "path": "/nix/store/xhf4z34ic2q9svqxqcx4xz9hnz1p76wp-postgresql-16.6-doc"
            },
            {
              "name": "lib",
              "path": "/nix/store/xw08lasmmss3bfqf5n2r9m587v5mbi8w-postgresql-16.6-lib"
            }
          ],
          "store_path": "/nix/store/iswl1q8nq1v2jcv9s9jngnzvff0dxk29-postgresql-16.6"
        },
        "x86_64-darwin": {
          "outputs": [
            {
              "name": "out",
              "path": "/nix/store/8b8qv357nhnrnn19l284bgqpibm71v37-postgresql-16.6",
              "default": true
            },
            {
              "name": "man",
              "path": "/nix/store/ag220f04j0lf1ar80arlvfv4x78kvbkb-postgresql-16.6-man",
              "default": true
            },
            {
              "name": "dev",
              "path": "/nix/store/gqq7qjn33snr65qs6383givjvzqx6602-postgresql-16.6-dev"
            },
            {
              "name": "doc",
              "path": "/nix/store/m3fww354lj8qf7wmm2wx9mid4c8h5w25-postgresql-16.6-doc"
            },
            {
              "name": "lib",
              "path": "/nix/store/8mzimjhbfy2zdys7g2bys7z8d2d6f9k3-postgresql-16.6-lib"
            }
          ],
          "store_path": "/nix/store/8b8qv357nhnrnn19l284bgqpibm71v37-postgresql-16.6"
        },
        "x86_64-linux": {
          "outputs": [
            {
              "name": "out",
              "path": "/nix/store/l4s04nd47mqnnsbfcrpp3kjzrxgv1v4z-postgresql-16.6",
              "default": true
            },
            {
              "name": "man",
              "path": "/nix/store/afwwb0x48lm5ahi9nn1hkxsgifzr658p-postgresql-16.6-man",
              "default": true
            },
            {
              "name": "debug",
              "path": "/nix/store/hg7sf8ma2hd2fr3r0sqzhn08hvb7br38-postgresql-16.6-debug"
            },
            {
              "name": "dev",
              "path": "/nix/store/v684kybj06yaaq178dyaq2973783vi76-postgresql-16.6-dev"
            },
            {
              "name": "doc",
              "path": "/nix/store/2gfzyahwdxispcn6b038dixm8hgv602f-postgresql-16.6-doc"
            },
            {
              "name": "lib",
              "path": "/nix/store/ayi489v3zwwjzq17fg81yl6ia1zjkr3x-postgresql-16.6-lib"
            }
          ],
          "store_path": "/nix/store/l4s04nd47mqnnsbfcrpp3kjzrxgv1v4z-postgresql-16.6"
        }
      }
    },
    "yamlfmt@latest": {
      "last_modified": "2025-02-12T00:10:52Z",
      "resolved": "github:NixOS/nixpkgs/83a2581c81ff5b06f7c1a4e7cc736a455dfcf7b4#yamlfmt",
      "source": "devbox-search",
      "version": "0.16.0",
      "systems": {
        "aarch64-darwin": {
          "outputs": [
            {
              "name": "out",
              "path": "/nix/store/znrz9s28gwj47y6yqg9hrb50giis0awp-yamlfmt-0.16.0",
              "default": true
            }
          ],
          "store_path": "/nix/store/znrz9s28gwj47y6yqg9hrb50giis0awp-yamlfmt-0.16.0"
        },
        "aarch64-linux": {
          "outputs": [
            {
              "name": "out",
              "path": "/nix/store/ca3f4m39dfqpwci3y81kk7z6xj01l2q3-yamlfmt-0.16.0",
              "default": true
            }
          ],
          "store_path": "/nix/store/ca3f4m39dfqpwci3y81kk7z6xj01l2q3-yamlfmt-0.16.0"
        },
        "x86_64-darwin": {
          "outputs": [
            {
              "name": "out",
              "path": "/nix/store/nh382j3611xw277l27mvp5l4xkkdnw1a-yamlfmt-0.16.0",
              "default": true
            }
          ],
          "store_path": "/nix/store/nh382j3611xw277l27mvp5l4xkkdnw1a-yamlfmt-0.16.0"
        },
        "x86_64-linux": {
          "outputs": [
            {
              "name": "out",
              "path": "/nix/store/86jsv6y7yk91j8jgashjvzncrnvnskka-yamlfmt-0.16.0",
              "default": true
            }
          ],
          "store_path": "/nix/store/86jsv6y7yk91j8jgashjvzncrnvnskka-yamlfmt-0.16.0"
        }
      }
    }
  }
}
