{
  "lockfile_version": "1",
  "packages": {
    "corepack_20@latest": {
      "last_modified": "2024-05-22T06:18:38Z",
      "resolved": "github:NixOS/nixpkgs/3f316d2a50699a78afe5e77ca486ad553169061e#corepack_20",
      "source": "devbox-search",
      "version": "20.12.2",
      "systems": {
        "aarch64-darwin": {
          "outputs": [
            {
              "name": "out",
              "path": "/nix/store/rrs1raif6jh3bzngsqfp944lmgygkc6g-corepack-nodejs-20.12.2",
              "default": true
            }
          ],
          "store_path": "/nix/store/rrs1raif6jh3bzngsqfp944lmgygkc6g-corepack-nodejs-20.12.2"
        },
        "aarch64-linux": {
          "outputs": [
            {
              "name": "out",
              "path": "/nix/store/77pjdarwgidwdiqn0lai7zxkgsnipfjj-corepack-nodejs-20.12.2",
              "default": true
            }
          ],
          "store_path": "/nix/store/77pjdarwgidwdiqn0lai7zxkgsnipfjj-corepack-nodejs-20.12.2"
        },
        "x86_64-darwin": {
          "outputs": [
            {
              "name": "out",
              "path": "/nix/store/wql9i37r4d90pdmkl992k50i3lqh3ihj-corepack-nodejs-20.12.2",
              "default": true
            }
          ],
          "store_path": "/nix/store/wql9i37r4d90pdmkl992k50i3lqh3ihj-corepack-nodejs-20.12.2"
        },
        "x86_64-linux": {
          "outputs": [
            {
              "name": "out",
              "path": "/nix/store/s423cz0ghy9h115533cbpq5gwbz6d98k-corepack-nodejs-20.12.2",
              "default": true
            }
          ],
          "store_path": "/nix/store/s423cz0ghy9h115533cbpq5gwbz6d98k-corepack-nodejs-20.12.2"
        }
      }
    },
    "git-secret@latest": {
      "last_modified": "2024-05-22T06:18:38Z",
      "resolved": "github:NixOS/nixpkgs/3f316d2a50699a78afe5e77ca486ad553169061e#git-secret",
      "source": "devbox-search",
      "version": "0.5.0",
      "systems": {
        "aarch64-darwin": {
          "outputs": [
            {
              "name": "out",
              "path": "/nix/store/8j44f6q61gl1wa67027zj68f5cdb9d2h-git-secret-0.5.0",
              "default": true
            }
          ],
          "store_path": "/nix/store/8j44f6q61gl1wa67027zj68f5cdb9d2h-git-secret-0.5.0"
        },
        "aarch64-linux": {
          "outputs": [
            {
              "name": "out",
              "path": "/nix/store/xcxis5sbzziin5a9chy80sy9s0rbcqf0-git-secret-0.5.0",
              "default": true
            }
          ],
          "store_path": "/nix/store/xcxis5sbzziin5a9chy80sy9s0rbcqf0-git-secret-0.5.0"
        },
        "x86_64-darwin": {
          "outputs": [
            {
              "name": "out",
              "path": "/nix/store/5fw6k46ri9nwdw2ajq7ksdwfm6q7prqh-git-secret-0.5.0",
              "default": true
            }
          ],
          "store_path": "/nix/store/5fw6k46ri9nwdw2ajq7ksdwfm6q7prqh-git-secret-0.5.0"
        },
        "x86_64-linux": {
          "outputs": [
            {
              "name": "out",
              "path": "/nix/store/s0bj50nkpvpfnrzsh4afsjv467p3mr8c-git-secret-0.5.0",
              "default": true
            }
          ],
          "store_path": "/nix/store/s0bj50nkpvpfnrzsh4afsjv467p3mr8c-git-secret-0.5.0"
        }
      }
    },
    "git@latest": {
      "last_modified": "2024-05-22T06:18:38Z",
      "resolved": "github:NixOS/nixpkgs/3f316d2a50699a78afe5e77ca486ad553169061e#git",
      "source": "devbox-search",
      "version": "2.44.1",
      "systems": {
        "aarch64-darwin": {
          "outputs": [
            {
              "name": "out",
              "path": "/nix/store/1y3m89x5sl3bwag9lk4fdbqmswzjp9is-git-2.44.1",
              "default": true
            },
            {
              "name": "doc",
              "path": "/nix/store/hhwbgxadc1r7f2vf0f7mf4mlcy3xsxh9-git-2.44.1-doc"
            }
          ],
          "store_path": "/nix/store/1y3m89x5sl3bwag9lk4fdbqmswzjp9is-git-2.44.1"
        },
        "aarch64-linux": {
          "outputs": [
            {
              "name": "out",
              "path": "/nix/store/y6si9acv2p32jjyavs5arj8lwk7qq945-git-2.44.1",
              "default": true
            },
            {
              "name": "debug",
              "path": "/nix/store/vjgwf4vr6dqclvb503fqir13yiqp7bf6-git-2.44.1-debug"
            },
            {
              "name": "doc",
              "path": "/nix/store/1c5816l3n7dgbjkbf6fdlw0amq5rvazq-git-2.44.1-doc"
            }
          ],
          "store_path": "/nix/store/y6si9acv2p32jjyavs5arj8lwk7qq945-git-2.44.1"
        },
        "x86_64-darwin": {
          "outputs": [
            {
              "name": "out",
              "path": "/nix/store/rwkir7nma4hgyg8lydzjisbjgwr9a4xf-git-2.44.1",
              "default": true
            },
            {
              "name": "doc",
              "path": "/nix/store/y4l5l7k5syy0s3baznixgxbnmn8aiyxq-git-2.44.1-doc"
            }
          ],
          "store_path": "/nix/store/rwkir7nma4hgyg8lydzjisbjgwr9a4xf-git-2.44.1"
        },
        "x86_64-linux": {
          "outputs": [
            {
              "name": "out",
              "path": "/nix/store/jxjzgz1p0hdqsg8k17ivw5mgcd6ffx9c-git-2.44.1",
              "default": true
            },
            {
              "name": "debug",
              "path": "/nix/store/93xf345jmvrcz1wc3va981rp13rn4hyz-git-2.44.1-debug"
            },
            {
              "name": "doc",
              "path": "/nix/store/rvgnmd4cwvmy3v77ig977ix40d2mipri-git-2.44.1-doc"
            }
          ],
          "store_path": "/nix/store/jxjzgz1p0hdqsg8k17ivw5mgcd6ffx9c-git-2.44.1"
        }
      }
    },
    "gnupg@latest": {
      "last_modified": "2024-05-22T06:18:38Z",
      "resolved": "github:NixOS/nixpkgs/3f316d2a50699a78afe5e77ca486ad553169061e#gnupg",
      "source": "devbox-search",
      "version": "2.4.5",
      "systems": {
        "aarch64-darwin": {
          "outputs": [
            {
              "name": "out",
              "path": "/nix/store/v36k6iamlkf7ib87w4fp337k9v44dp53-gnupg-2.4.5",
              "default": true
            }
          ],
          "store_path": "/nix/store/v36k6iamlkf7ib87w4fp337k9v44dp53-gnupg-2.4.5"
        },
        "aarch64-linux": {
          "outputs": [
            {
              "name": "out",
              "path": "/nix/store/6ya2m9sa8zk2vx7bfggdkqyk16kmwx7x-gnupg-2.4.5",
              "default": true
            }
          ],
          "store_path": "/nix/store/6ya2m9sa8zk2vx7bfggdkqyk16kmwx7x-gnupg-2.4.5"
        },
        "x86_64-darwin": {
          "outputs": [
            {
              "name": "out",
              "path": "/nix/store/0248gzk44fmpyszbysj80yszmz5rd1z5-gnupg-2.4.5",
              "default": true
            }
          ],
          "store_path": "/nix/store/0248gzk44fmpyszbysj80yszmz5rd1z5-gnupg-2.4.5"
        },
        "x86_64-linux": {
          "outputs": [
            {
              "name": "out",
              "path": "/nix/store/h7qn6nl04qplrsnqlgwxp72rsg4cil9r-gnupg-2.4.5",
              "default": true
            }
          ],
          "store_path": "/nix/store/h7qn6nl04qplrsnqlgwxp72rsg4cil9r-gnupg-2.4.5"
        }
      }
    },
    "go-migrate@latest": {
      "last_modified": "2024-05-29T10:04:41Z",
      "resolved": "github:NixOS/nixpkgs/ac82a513e55582291805d6f09d35b6d8b60637a1#go-migrate",
      "source": "devbox-search",
      "version": "4.17.1",
      "systems": {
        "aarch64-darwin": {
          "outputs": [
            {
              "name": "out",
              "path": "/nix/store/gvsd4f1r2i8vb70ay7rnjzhgawxav1sp-go-migrate-4.17.1",
              "default": true
            }
          ],
          "store_path": "/nix/store/gvsd4f1r2i8vb70ay7rnjzhgawxav1sp-go-migrate-4.17.1"
        },
        "aarch64-linux": {
          "outputs": [
            {
              "name": "out",
              "path": "/nix/store/sabrrhvq0cbv74gip8h0xbjp9gpw8hy1-go-migrate-4.17.1",
              "default": true
            }
          ],
          "store_path": "/nix/store/sabrrhvq0cbv74gip8h0xbjp9gpw8hy1-go-migrate-4.17.1"
        },
        "x86_64-darwin": {
          "outputs": [
            {
              "name": "out",
              "path": "/nix/store/yd41wh08mrmyxxqg327p106lpvm6mawk-go-migrate-4.17.1",
              "default": true
            }
          ],
          "store_path": "/nix/store/yd41wh08mrmyxxqg327p106lpvm6mawk-go-migrate-4.17.1"
        },
        "x86_64-linux": {
          "outputs": [
            {
              "name": "out",
              "path": "/nix/store/ai4c1mzhhmd8gwhawks48vy4833lj47c-go-migrate-4.17.1",
              "default": true
            }
          ],
          "store_path": "/nix/store/ai4c1mzhhmd8gwhawks48vy4833lj47c-go-migrate-4.17.1"
        }
      }
    },
    "go-tools@latest": {
      "last_modified": "2024-05-29T10:04:41Z",
      "resolved": "github:NixOS/nixpkgs/ac82a513e55582291805d6f09d35b6d8b60637a1#go-tools",
      "source": "devbox-search",
      "version": "2023.1.7",
      "systems": {
        "aarch64-darwin": {
          "outputs": [
            {
              "name": "out",
              "path": "/nix/store/9zsr8fp8gi6mbl34li9d207ikqrc6ad4-go-tools-2023.1.7",
              "default": true
            }
          ],
          "store_path": "/nix/store/9zsr8fp8gi6mbl34li9d207ikqrc6ad4-go-tools-2023.1.7"
        },
        "aarch64-linux": {
          "outputs": [
            {
              "name": "out",
              "path": "/nix/store/b3fbv1xk29g0g8sb0dmzsf4nacn6ib1x-go-tools-2023.1.7",
              "default": true
            }
          ],
          "store_path": "/nix/store/b3fbv1xk29g0g8sb0dmzsf4nacn6ib1x-go-tools-2023.1.7"
        },
        "x86_64-darwin": {
          "outputs": [
            {
              "name": "out",
              "path": "/nix/store/2v7jgbqjfiskm7v69gn6rwfkfsj0r49q-go-tools-2023.1.7",
              "default": true
            }
          ],
          "store_path": "/nix/store/2v7jgbqjfiskm7v69gn6rwfkfsj0r49q-go-tools-2023.1.7"
        },
        "x86_64-linux": {
          "outputs": [
            {
              "name": "out",
              "path": "/nix/store/fplwpllvd47g259kx3534b67fdnn2zia-go-tools-2023.1.7",
              "default": true
            }
          ],
          "store_path": "/nix/store/fplwpllvd47g259kx3534b67fdnn2zia-go-tools-2023.1.7"
        }
      }
    },
    "go@1.21.9": {
      "last_modified": "2024-05-03T15:42:32Z",
      "resolved": "github:NixOS/nixpkgs/5fd8536a9a5932d4ae8de52b7dc08d92041237fc#go_1_21",
      "source": "devbox-search",
      "version": "1.21.9",
      "systems": {
        "aarch64-darwin": {
          "outputs": [
            {
              "name": "out",
              "path": "/nix/store/fwnqxipshzffpg7x6kwvp24yllwzaq1i-go-1.21.9",
              "default": true
            }
          ],
          "store_path": "/nix/store/fwnqxipshzffpg7x6kwvp24yllwzaq1i-go-1.21.9"
        },
        "aarch64-linux": {
          "outputs": [
            {
              "name": "out",
              "path": "/nix/store/041scml4rqhk0b87rcaa4b1zk3yckgbf-go-1.21.9",
              "default": true
            }
          ],
          "store_path": "/nix/store/041scml4rqhk0b87rcaa4b1zk3yckgbf-go-1.21.9"
        },
        "x86_64-darwin": {
          "outputs": [
            {
              "name": "out",
              "path": "/nix/store/gz9addf37imxbwqkilfm3wm2hbz5k110-go-1.21.9",
              "default": true
            }
          ],
          "store_path": "/nix/store/gz9addf37imxbwqkilfm3wm2hbz5k110-go-1.21.9"
        },
        "x86_64-linux": {
          "outputs": [
            {
              "name": "out",
              "path": "/nix/store/fhcgycswji65n5khvc4dj0x8f5asvwhs-go-1.21.9",
              "default": true
            }
          ],
          "store_path": "/nix/store/fhcgycswji65n5khvc4dj0x8f5asvwhs-go-1.21.9"
        }
      }
    },
    "gofumpt@latest": {
      "last_modified": "2024-05-29T10:04:41Z",
      "resolved": "github:NixOS/nixpkgs/ac82a513e55582291805d6f09d35b6d8b60637a1#gofumpt",
      "source": "devbox-search",
      "version": "0.6.0",
      "systems": {
        "aarch64-darwin": {
          "outputs": [
            {
              "name": "out",
              "path": "/nix/store/1gmci5cdv3bnkvqsal81p3rrvqpms8lf-gofumpt-0.6.0",
              "default": true
            }
          ],
          "store_path": "/nix/store/1gmci5cdv3bnkvqsal81p3rrvqpms8lf-gofumpt-0.6.0"
        },
        "aarch64-linux": {
          "outputs": [
            {
              "name": "out",
              "path": "/nix/store/vax69rpzjq537928flm3xd1fvglgiga9-gofumpt-0.6.0",
              "default": true
            }
          ],
          "store_path": "/nix/store/vax69rpzjq537928flm3xd1fvglgiga9-gofumpt-0.6.0"
        },
        "x86_64-darwin": {
          "outputs": [
            {
              "name": "out",
              "path": "/nix/store/2ln1211q83m4i0az80vy4gmm5x823ibf-gofumpt-0.6.0",
              "default": true
            }
          ],
          "store_path": "/nix/store/2ln1211q83m4i0az80vy4gmm5x823ibf-gofumpt-0.6.0"
        },
        "x86_64-linux": {
          "outputs": [
            {
              "name": "out",
              "path": "/nix/store/fz5w7sca66qc4f7ff9msnsvgn3zyda4g-gofumpt-0.6.0",
              "default": true
            }
          ],
          "store_path": "/nix/store/fz5w7sca66qc4f7ff9msnsvgn3zyda4g-gofumpt-0.6.0"
        }
      }
    },
    "jq@latest": {
      "last_modified": "2024-06-07T15:28:25Z",
      "resolved": "github:NixOS/nixpkgs/d226935fd75012939397c83f6c385e4d6d832288#jq",
      "source": "devbox-search",
      "version": "1.7.1",
      "systems": {
        "aarch64-darwin": {
          "outputs": [
            {
              "name": "bin",
              "path": "/nix/store/68s205iqz4x1fvry7nkhg8g270v1vcy4-jq-1.7.1-bin",
              "default": true
            },
            {
              "name": "man",
              "path": "/nix/store/a5dywljs6papj8qcz9414r91f69r4y9r-jq-1.7.1-man",
              "default": true
            },
            {
              "name": "out",
              "path": "/nix/store/f20hrh4qzvk2577glb7s5l114gmirngj-jq-1.7.1"
            },
            {
              "name": "dev",
              "path": "/nix/store/13hz87fi6v8yha2i0hqs3hgjr28wh5wc-jq-1.7.1-dev"
            },
            {
              "name": "doc",
              "path": "/nix/store/ghj56yphlx06ws4wzv6370smcqy7q2j7-jq-1.7.1-doc"
            },
            {
              "name": "lib",
              "path": "/nix/store/19mhwafp54qa8di0z3rxwb692nq1hagw-jq-1.7.1-lib"
            }
          ],
          "store_path": "/nix/store/68s205iqz4x1fvry7nkhg8g270v1vcy4-jq-1.7.1-bin"
        },
        "aarch64-linux": {
          "outputs": [
            {
              "name": "bin",
              "path": "/nix/store/ndiybnyqr1ph1vjg3k12nk4563mhxppm-jq-1.7.1-bin",
              "default": true
            },
            {
              "name": "man",
              "path": "/nix/store/m6iwqw0050fw4wc9xmr5pqs3ah5ry7ax-jq-1.7.1-man",
              "default": true
            },
            {
              "name": "out",
              "path": "/nix/store/fwkhzdlq9xiz2rl5bkvmj772p9hvqj99-jq-1.7.1"
            },
            {
              "name": "dev",
              "path": "/nix/store/kvrsi2isj17fm1i1q547y318pkdn8yp7-jq-1.7.1-dev"
            },
            {
              "name": "doc",
              "path": "/nix/store/bb0ah4vxmzgc0sqykmbv5fypgk9nnkw1-jq-1.7.1-doc"
            },
            {
              "name": "lib",
              "path": "/nix/store/amjqcw9ja9zd2dwm1va91in764xvpnx3-jq-1.7.1-lib"
            }
          ],
          "store_path": "/nix/store/ndiybnyqr1ph1vjg3k12nk4563mhxppm-jq-1.7.1-bin"
        },
        "x86_64-darwin": {
          "outputs": [
            {
              "name": "bin",
              "path": "/nix/store/bpfyriz1v75s27jjp334xmz76i39jb5m-jq-1.7.1-bin",
              "default": true
            },
            {
              "name": "man",
              "path": "/nix/store/z9k3kvc4vd3nalz0zy642jwldjx8nycz-jq-1.7.1-man",
              "default": true
            },
            {
              "name": "dev",
              "path": "/nix/store/js9gb09z8qzf0i7xaqnqkriy43d4p371-jq-1.7.1-dev"
            },
            {
              "name": "doc",
              "path": "/nix/store/h092iqq78iqfb2i4zr9x5p6pjapm4gj0-jq-1.7.1-doc"
            },
            {
              "name": "lib",
              "path": "/nix/store/m83fjdl51389phnrm9yw81xq47b1n6nq-jq-1.7.1-lib"
            },
            {
              "name": "out",
              "path": "/nix/store/ja0jnfqjrlcvrmhd0x5v61nccdybp86g-jq-1.7.1"
            }
          ],
          "store_path": "/nix/store/bpfyriz1v75s27jjp334xmz76i39jb5m-jq-1.7.1-bin"
        },
        "x86_64-linux": {
          "outputs": [
            {
              "name": "bin",
              "path": "/nix/store/7y2nxi5svi3ya06jyfw7l06rxvfb1zzf-jq-1.7.1-bin",
              "default": true
            },
            {
              "name": "man",
              "path": "/nix/store/shvd454wy3lnhirj922yrzffzscci28s-jq-1.7.1-man",
              "default": true
            },
            {
              "name": "out",
              "path": "/nix/store/33flg1kzjqn426gg4yfz1zkgpj9cmc4j-jq-1.7.1"
            },
            {
              "name": "dev",
              "path": "/nix/store/n5chc8i5za5jrr4biwwgx7a96p0a7aq9-jq-1.7.1-dev"
            },
            {
              "name": "doc",
              "path": "/nix/store/5cq70lcqc2aph4q03brijk3alfh5rnmz-jq-1.7.1-doc"
            },
            {
              "name": "lib",
              "path": "/nix/store/bjf63mfkn3r6svmb4qlsy1v8bff4dwa9-jq-1.7.1-lib"
            }
          ],
          "store_path": "/nix/store/7y2nxi5svi3ya06jyfw7l06rxvfb1zzf-jq-1.7.1-bin"
        }
      }
    },
    "lsof@latest": {
      "last_modified": "2024-05-22T06:18:38Z",
      "resolved": "github:NixOS/nixpkgs/3f316d2a50699a78afe5e77ca486ad553169061e#lsof",
      "source": "devbox-search",
      "version": "4.99.3",
      "systems": {
        "aarch64-darwin": {
          "outputs": [
            {
              "name": "out",
              "path": "/nix/store/zs8hwgs74il594sgaybyvvkh990ymib4-lsof-4.99.3",
              "default": true
            }
          ],
          "store_path": "/nix/store/zs8hwgs74il594sgaybyvvkh990ymib4-lsof-4.99.3"
        },
        "aarch64-linux": {
          "outputs": [
            {
              "name": "out",
              "path": "/nix/store/9pqbq3bad0la9szxb4g193w1x9nxwm15-lsof-4.99.3",
              "default": true
            }
          ],
          "store_path": "/nix/store/9pqbq3bad0la9szxb4g193w1x9nxwm15-lsof-4.99.3"
        },
        "x86_64-darwin": {
          "outputs": [
            {
              "name": "out",
              "path": "/nix/store/k6cwfyf5g254n4cg25lkkx2q6pqpp3wl-lsof-4.99.3",
              "default": true
            }
          ],
          "store_path": "/nix/store/k6cwfyf5g254n4cg25lkkx2q6pqpp3wl-lsof-4.99.3"
        },
        "x86_64-linux": {
          "outputs": [
            {
              "name": "out",
              "path": "/nix/store/y82j4h2vi0pyx7d76zyc87zgsjsmk314-lsof-4.99.3",
              "default": true
            }
          ],
          "store_path": "/nix/store/y82j4h2vi0pyx7d76zyc87zgsjsmk314-lsof-4.99.3"
        }
      }
    },
    "nodejs_20@latest": {
      "last_modified": "2024-05-22T06:18:38Z",
      "plugin_version": "0.0.2",
      "resolved": "github:NixOS/nixpkgs/3f316d2a50699a78afe5e77ca486ad553169061e#nodejs_20",
      "source": "devbox-search",
      "version": "20.12.2",
      "systems": {
        "aarch64-darwin": {
          "outputs": [
            {
              "name": "out",
              "path": "/nix/store/bzzs4kvjyvjjhs3rj08vqpvvzmfggvbv-nodejs-20.12.2",
              "default": true
            },
            {
              "name": "libv8",
              "path": "/nix/store/c56874bxzncqwy58kif6wfnzy017v1sl-nodejs-20.12.2-libv8"
            }
          ],
          "store_path": "/nix/store/bzzs4kvjyvjjhs3rj08vqpvvzmfggvbv-nodejs-20.12.2"
        },
        "aarch64-linux": {
          "outputs": [
            {
              "name": "out",
              "path": "/nix/store/y50zafzgnnkrj4hvmk23icv2ggvys8r9-nodejs-20.12.2",
              "default": true
            },
            {
              "name": "libv8",
              "path": "/nix/store/vc7y8h3c8pwbh4zbvjcyfqrd3fhdjhw6-nodejs-20.12.2-libv8"
            }
          ],
          "store_path": "/nix/store/y50zafzgnnkrj4hvmk23icv2ggvys8r9-nodejs-20.12.2"
        },
        "x86_64-darwin": {
          "outputs": [
            {
              "name": "out",
              "path": "/nix/store/l53svh1nfrcb83qbqvrrkangrcl1rr25-nodejs-20.12.2",
              "default": true
            },
            {
              "name": "libv8",
              "path": "/nix/store/q71hh22bfqjygd34gq16dv4dwfc33378-nodejs-20.12.2-libv8"
            }
          ],
          "store_path": "/nix/store/l53svh1nfrcb83qbqvrrkangrcl1rr25-nodejs-20.12.2"
        },
        "x86_64-linux": {
          "outputs": [
            {
              "name": "out",
              "path": "/nix/store/6g9n96qf1yx139xklnmy3v4xhjvjgsji-nodejs-20.12.2",
              "default": true
            },
            {
              "name": "libv8",
              "path": "/nix/store/s7b0dqga0311mvq48mirnlm0p3dr4gm3-nodejs-20.12.2-libv8"
            }
          ],
          "store_path": "/nix/store/6g9n96qf1yx139xklnmy3v4xhjvjgsji-nodejs-20.12.2"
        }
      }
    },
    "postgresql_16@latest": {
      "last_modified": "2024-06-09T00:38:05Z",
      "plugin_version": "0.0.2",
      "resolved": "github:NixOS/nixpkgs/3bcedce9f4de37570242faf16e1e143583407eab#postgresql_16",
      "source": "devbox-search",
      "version": "16.3",
      "systems": {
        "aarch64-darwin": {
          "outputs": [
            {
              "name": "out",
              "path": "/nix/store/shqdbl97jlz56nzd21dbcindfk7rk8i6-postgresql-16.3",
              "default": true
            },
            {
              "name": "man",
              "path": "/nix/store/0nmpgsgkyqyg028mxx7p1g57gjlvrd3r-postgresql-16.3-man",
              "default": true
            },
            {
              "name": "lib",
              "path": "/nix/store/xdr6864slj8bijic7r5463xm72ihh3x0-postgresql-16.3-lib"
            },
            {
              "name": "doc",
              "path": "/nix/store/qy0j8xgzdq5i892y0q6dw4sxbnxkn5vp-postgresql-16.3-doc"
            }
          ],
          "store_path": "/nix/store/shqdbl97jlz56nzd21dbcindfk7rk8i6-postgresql-16.3"
        },
        "aarch64-linux": {
          "outputs": [
            {
              "name": "out",
              "path": "/nix/store/s6zc2dzqil3c1s51f7lvkwlfvscra26z-postgresql-16.3",
              "default": true
            },
            {
              "name": "man",
              "path": "/nix/store/gfrbm5kmbcv4ig28jwnr2bvky4ybhw3g-postgresql-16.3-man",
              "default": true
            },
            {
              "name": "debug",
              "path": "/nix/store/8bnd87sbvk8a852sabavbb2f1zx0zr6q-postgresql-16.3-debug"
            },
            {
              "name": "doc",
              "path": "/nix/store/1zif6fb2bvj28w4ny2ynrm709cl0m9ap-postgresql-16.3-doc"
            },
            {
              "name": "lib",
              "path": "/nix/store/c6hc12757m2c8zrvx8rsk0dxc1hzrla3-postgresql-16.3-lib"
            }
          ],
          "store_path": "/nix/store/s6zc2dzqil3c1s51f7lvkwlfvscra26z-postgresql-16.3"
        },
        "x86_64-darwin": {
          "outputs": [
            {
              "name": "out",
              "path": "/nix/store/pcf220104xny8w0m9vzc7ss4yqrpg0rw-postgresql-16.3",
              "default": true
            },
            {
              "name": "man",
              "path": "/nix/store/q1sdkji0ifbzzn7qkpqyvb2zligg70fd-postgresql-16.3-man",
              "default": true
            },
            {
              "name": "doc",
              "path": "/nix/store/8cxz5k066bxmq0qkpy25m30fl30l1b94-postgresql-16.3-doc"
            },
            {
              "name": "lib",
              "path": "/nix/store/623g1qrqmrzk9k3bqallws9lclpg8an4-postgresql-16.3-lib"
            }
          ],
          "store_path": "/nix/store/pcf220104xny8w0m9vzc7ss4yqrpg0rw-postgresql-16.3"
        },
        "x86_64-linux": {
          "outputs": [
            {
              "name": "out",
              "path": "/nix/store/yz718sizpgsnq2y8gfv8bba8l8r4494l-postgresql-16.3",
              "default": true
            },
            {
              "name": "man",
              "path": "/nix/store/z5ki9bilxgszrdkj09pb0ak0gzbn0ngw-postgresql-16.3-man",
              "default": true
            },
            {
              "name": "debug",
              "path": "/nix/store/5jszhg3c7igi3d0qyg5w0mbp67lrwrb1-postgresql-16.3-debug"
            },
            {
              "name": "doc",
              "path": "/nix/store/mn0sffpgdaf8qkfavs4l22d8yf284rqr-postgresql-16.3-doc"
            },
            {
              "name": "lib",
              "path": "/nix/store/vf3cvgigxvx4xasn0kxxx8v60rqbs3jg-postgresql-16.3-lib"
            }
          ],
          "store_path": "/nix/store/yz718sizpgsnq2y8gfv8bba8l8r4494l-postgresql-16.3"
        }
      }
    },
    "yamlfmt@latest": {
      "last_modified": "2024-05-29T10:04:41Z",
      "resolved": "github:NixOS/nixpkgs/ac82a513e55582291805d6f09d35b6d8b60637a1#yamlfmt",
      "source": "devbox-search",
      "version": "0.12.1",
      "systems": {
        "aarch64-darwin": {
          "outputs": [
            {
              "name": "out",
              "path": "/nix/store/i5m5lgdwsc1jsy2qkz2k2fjk3gpvpb57-yamlfmt-0.12.1",
              "default": true
            }
          ],
          "store_path": "/nix/store/i5m5lgdwsc1jsy2qkz2k2fjk3gpvpb57-yamlfmt-0.12.1"
        },
        "aarch64-linux": {
          "outputs": [
            {
              "name": "out",
              "path": "/nix/store/01ljgfh086jabzlaahha458vs6ax2vp3-yamlfmt-0.12.1",
              "default": true
            }
          ],
          "store_path": "/nix/store/01ljgfh086jabzlaahha458vs6ax2vp3-yamlfmt-0.12.1"
        },
        "x86_64-darwin": {
          "outputs": [
            {
              "name": "out",
              "path": "/nix/store/ccfg1f3x9h30rm5papy67bjm71smmkbj-yamlfmt-0.12.1",
              "default": true
            }
          ],
          "store_path": "/nix/store/ccfg1f3x9h30rm5papy67bjm71smmkbj-yamlfmt-0.12.1"
        },
        "x86_64-linux": {
          "outputs": [
            {
              "name": "out",
              "path": "/nix/store/z7sz5am0m4kqrrm0zc3xbmfx4bmclsv9-yamlfmt-0.12.1",
              "default": true
            }
          ],
          "store_path": "/nix/store/z7sz5am0m4kqrrm0zc3xbmfx4bmclsv9-yamlfmt-0.12.1"
        }
      }
    }
  }
}
