{
  "lockfile_version": "1",
  "packages": {
    "corepack_20@latest": {
      "last_modified": "2025-01-31T04:26:24Z",
      "resolved": "github:NixOS/nixpkgs/9189ac18287c599860e878e905da550aa6dec1cd#corepack_20",
      "source": "devbox-search",
      "version": "20.18.2",
      "systems": {
        "aarch64-darwin": {
          "outputs": [
            {
              "name": "out",
              "path": "/nix/store/l8ir58pi40wcmx4a68zfzl7p4i4bj82r-corepack-nodejs-20.18.2",
              "default": true
            }
          ],
          "store_path": "/nix/store/l8ir58pi40wcmx4a68zfzl7p4i4bj82r-corepack-nodejs-20.18.2"
        },
        "aarch64-linux": {
          "outputs": [
            {
              "name": "out",
              "path": "/nix/store/qjnqs0s8mkjgad95xm9xg8m4ir8713j6-corepack-nodejs-20.18.2",
              "default": true
            }
          ],
          "store_path": "/nix/store/qjnqs0s8mkjgad95xm9xg8m4ir8713j6-corepack-nodejs-20.18.2"
        },
        "x86_64-darwin": {
          "outputs": [
            {
              "name": "out",
              "path": "/nix/store/mxp5523f56jpch037rwy3d1hn6yfn2kj-corepack-nodejs-20.18.2",
              "default": true
            }
          ],
          "store_path": "/nix/store/mxp5523f56jpch037rwy3d1hn6yfn2kj-corepack-nodejs-20.18.2"
        },
        "x86_64-linux": {
          "outputs": [
            {
              "name": "out",
              "path": "/nix/store/fbislzgkfxqjkpc73nsp728vc465g0ky-corepack-nodejs-20.18.2",
              "default": true
            }
          ],
          "store_path": "/nix/store/fbislzgkfxqjkpc73nsp728vc465g0ky-corepack-nodejs-20.18.2"
        }
      }
    },
    "git-secret@latest": {
      "last_modified": "2025-01-19T08:16:51Z",
      "resolved": "github:NixOS/nixpkgs/50165c4f7eb48ce82bd063e1fb8047a0f515f8ce#git-secret",
      "source": "devbox-search",
      "version": "0.5.0-unstable-2024-12-09",
      "systems": {
        "aarch64-darwin": {
          "outputs": [
            {
              "name": "out",
              "path": "/nix/store/yg2lcddrd0ddqpg71wrmz1qg34s1c78l-git-secret-0.5.0-unstable-2024-12-09",
              "default": true
            }
          ],
          "store_path": "/nix/store/yg2lcddrd0ddqpg71wrmz1qg34s1c78l-git-secret-0.5.0-unstable-2024-12-09"
        },
        "aarch64-linux": {
          "outputs": [
            {
              "name": "out",
              "path": "/nix/store/vnjm9y4cjvhkmbaj3d6a7sjndf1wsb3k-git-secret-0.5.0-unstable-2024-12-09",
              "default": true
            }
          ],
          "store_path": "/nix/store/vnjm9y4cjvhkmbaj3d6a7sjndf1wsb3k-git-secret-0.5.0-unstable-2024-12-09"
        },
        "x86_64-darwin": {
          "outputs": [
            {
              "name": "out",
              "path": "/nix/store/mazasqwz4qyhijwpiw9r2ca8lks4ra4z-git-secret-0.5.0-unstable-2024-12-09",
              "default": true
            }
          ],
          "store_path": "/nix/store/mazasqwz4qyhijwpiw9r2ca8lks4ra4z-git-secret-0.5.0-unstable-2024-12-09"
        },
        "x86_64-linux": {
          "outputs": [
            {
              "name": "out",
              "path": "/nix/store/0s0p8913b0yd0sr590m4g5sg3pq6m825-git-secret-0.5.0-unstable-2024-12-09",
              "default": true
            }
          ],
          "store_path": "/nix/store/0s0p8913b0yd0sr590m4g5sg3pq6m825-git-secret-0.5.0-unstable-2024-12-09"
        }
      }
    },
    "git@latest": {
      "last_modified": "2025-02-07T11:26:36Z",
      "resolved": "github:NixOS/nixpkgs/d98abf5cf5914e5e4e9d57205e3af55ca90ffc1d#git",
      "source": "devbox-search",
      "version": "2.47.2",
      "systems": {
        "aarch64-darwin": {
          "outputs": [
            {
              "name": "out",
              "path": "/nix/store/9z3jhc0rlj3zaw8nd1zka9vli6w0q11g-git-2.47.2",
              "default": true
            },
            {
              "name": "doc",
              "path": "/nix/store/rh151iwgy4h8yv8kxd5facw57cyj0bav-git-2.47.2-doc"
            }
          ],
          "store_path": "/nix/store/9z3jhc0rlj3zaw8nd1zka9vli6w0q11g-git-2.47.2"
        },
        "aarch64-linux": {
          "outputs": [
            {
              "name": "out",
              "path": "/nix/store/gx5y37qcfqdvn0h6swjd04dmqjjh3nk7-git-2.47.2",
              "default": true
            },
            {
              "name": "doc",
              "path": "/nix/store/c25mq3q83dvw3k5pb0qr5333g3cycylq-git-2.47.2-doc"
            },
            {
              "name": "debug",
              "path": "/nix/store/8vfpmf3vjgzl2psip76p0f9h11sb6y3p-git-2.47.2-debug"
            }
          ],
          "store_path": "/nix/store/gx5y37qcfqdvn0h6swjd04dmqjjh3nk7-git-2.47.2"
        },
        "x86_64-darwin": {
          "outputs": [
            {
              "name": "out",
              "path": "/nix/store/39xx5gx3hxigs1b5ldw5i2jr84vsn3rf-git-2.47.2",
              "default": true
            },
            {
              "name": "doc",
              "path": "/nix/store/xmh2djjrnbpiqqgpblrcbavnqh0nv4km-git-2.47.2-doc"
            }
          ],
          "store_path": "/nix/store/39xx5gx3hxigs1b5ldw5i2jr84vsn3rf-git-2.47.2"
        },
        "x86_64-linux": {
          "outputs": [
            {
              "name": "out",
              "path": "/nix/store/33g65w5cc9n8fr0hxj84282xmv4l7hyl-git-2.47.2",
              "default": true
            },
            {
              "name": "debug",
              "path": "/nix/store/jyz4nvcd3bci4vg2sfsmvrq0fp9mzr5a-git-2.47.2-debug"
            },
            {
              "name": "doc",
              "path": "/nix/store/lb4nipdhlwrxdavz7gdkcik6lkz3cbdm-git-2.47.2-doc"
            }
          ],
          "store_path": "/nix/store/33g65w5cc9n8fr0hxj84282xmv4l7hyl-git-2.47.2"
        }
      }
    },
    "gnupg@latest": {
      "last_modified": "2025-01-19T08:16:51Z",
      "resolved": "github:NixOS/nixpkgs/50165c4f7eb48ce82bd063e1fb8047a0f515f8ce#gnupg",
      "source": "devbox-search",
      "version": "2.4.7",
      "systems": {
        "aarch64-darwin": {
          "outputs": [
            {
              "name": "out",
              "path": "/nix/store/gaikwr7wn2vf3fwr81iixf4nlj09j46r-gnupg-2.4.7",
              "default": true
            }
          ],
          "store_path": "/nix/store/gaikwr7wn2vf3fwr81iixf4nlj09j46r-gnupg-2.4.7"
        },
        "aarch64-linux": {
          "outputs": [
            {
              "name": "out",
              "path": "/nix/store/455gdy21gjrm1v5w83rfl9qv0bqvkqhd-gnupg-2.4.7",
              "default": true
            }
          ],
          "store_path": "/nix/store/455gdy21gjrm1v5w83rfl9qv0bqvkqhd-gnupg-2.4.7"
        },
        "x86_64-darwin": {
          "outputs": [
            {
              "name": "out",
              "path": "/nix/store/0hjc5nlll228q67rkan6v6jb070mqri6-gnupg-2.4.7",
              "default": true
            }
          ],
          "store_path": "/nix/store/0hjc5nlll228q67rkan6v6jb070mqri6-gnupg-2.4.7"
        },
        "x86_64-linux": {
          "outputs": [
            {
              "name": "out",
              "path": "/nix/store/5h2h4zjaka0d7y3b94k5h5ax5fkwwnm9-gnupg-2.4.7",
              "default": true
            }
          ],
          "store_path": "/nix/store/5h2h4zjaka0d7y3b94k5h5ax5fkwwnm9-gnupg-2.4.7"
        }
      }
    },
    "go-migrate@latest": {
      "last_modified": "2025-01-29T07:48:22Z",
      "resolved": "github:NixOS/nixpkgs/9a5db3142ce450045840cc8d832b13b8a2018e0c#go-migrate",
      "source": "devbox-search",
      "version": "4.18.2",
      "systems": {
        "aarch64-darwin": {
          "outputs": [
            {
              "name": "out",
              "path": "/nix/store/5hzlpmj1qwaax1f7mk4j5z654gxn056f-go-migrate-4.18.2",
              "default": true
            }
          ],
          "store_path": "/nix/store/5hzlpmj1qwaax1f7mk4j5z654gxn056f-go-migrate-4.18.2"
        },
        "aarch64-linux": {
          "outputs": [
            {
              "name": "out",
              "path": "/nix/store/1hybn1vb561i0f11jqbgjxlnazr94zjj-go-migrate-4.18.2",
              "default": true
            }
          ],
          "store_path": "/nix/store/1hybn1vb561i0f11jqbgjxlnazr94zjj-go-migrate-4.18.2"
        },
        "x86_64-darwin": {
          "outputs": [
            {
              "name": "out",
              "path": "/nix/store/fbmjjrawag9w99mgl1y9n6vzqxjddlfp-go-migrate-4.18.2",
              "default": true
            }
          ],
          "store_path": "/nix/store/fbmjjrawag9w99mgl1y9n6vzqxjddlfp-go-migrate-4.18.2"
        },
        "x86_64-linux": {
          "outputs": [
            {
              "name": "out",
              "path": "/nix/store/3gf609f3qkgywvks1j3i0rdknvb6xnqp-go-migrate-4.18.2",
              "default": true
            }
          ],
          "store_path": "/nix/store/3gf609f3qkgywvks1j3i0rdknvb6xnqp-go-migrate-4.18.2"
        }
      }
    },
    "go-tools@latest": {
      "last_modified": "2025-01-19T08:16:51Z",
      "resolved": "github:NixOS/nixpkgs/50165c4f7eb48ce82bd063e1fb8047a0f515f8ce#go-tools",
      "source": "devbox-search",
      "version": "2024.1.1",
      "systems": {
        "aarch64-darwin": {
          "outputs": [
            {
              "name": "out",
              "path": "/nix/store/c6iq8161qkab1q28l149m57dzpx7b9gs-go-tools-2024.1.1",
              "default": true
            }
          ],
          "store_path": "/nix/store/c6iq8161qkab1q28l149m57dzpx7b9gs-go-tools-2024.1.1"
        },
        "aarch64-linux": {
          "outputs": [
            {
              "name": "out",
              "path": "/nix/store/dgn7631w41d0j5dy9y64vfbsj83p94xa-go-tools-2024.1.1",
              "default": true
            }
          ],
          "store_path": "/nix/store/dgn7631w41d0j5dy9y64vfbsj83p94xa-go-tools-2024.1.1"
        },
        "x86_64-darwin": {
          "outputs": [
            {
              "name": "out",
              "path": "/nix/store/sisn4k5gizpg92w11hg6qi2sv9x8yka2-go-tools-2024.1.1",
              "default": true
            }
          ],
          "store_path": "/nix/store/sisn4k5gizpg92w11hg6qi2sv9x8yka2-go-tools-2024.1.1"
        },
        "x86_64-linux": {
          "outputs": [
            {
              "name": "out",
              "path": "/nix/store/b6bpwm73x4lrvi0ma2rhig369993lk6n-go-tools-2024.1.1",
              "default": true
            }
          ],
          "store_path": "/nix/store/b6bpwm73x4lrvi0ma2rhig369993lk6n-go-tools-2024.1.1"
        }
      }
    },
    "go@1.21.9": {
      "last_modified": "2024-05-03T15:42:32Z",
      "resolved": "github:NixOS/nixpkgs/5fd8536a9a5932d4ae8de52b7dc08d92041237fc#go_1_21",
      "source": "devbox-search",
      "version": "1.21.9",
      "systems": {
        "aarch64-darwin": {
          "outputs": [
            {
              "name": "out",
              "path": "/nix/store/fwnqxipshzffpg7x6kwvp24yllwzaq1i-go-1.21.9",
              "default": true
            }
          ],
          "store_path": "/nix/store/fwnqxipshzffpg7x6kwvp24yllwzaq1i-go-1.21.9"
        },
        "aarch64-linux": {
          "outputs": [
            {
              "name": "out",
              "path": "/nix/store/041scml4rqhk0b87rcaa4b1zk3yckgbf-go-1.21.9",
              "default": true
            }
          ],
          "store_path": "/nix/store/041scml4rqhk0b87rcaa4b1zk3yckgbf-go-1.21.9"
        },
        "x86_64-darwin": {
          "outputs": [
            {
              "name": "out",
              "path": "/nix/store/gz9addf37imxbwqkilfm3wm2hbz5k110-go-1.21.9",
              "default": true
            }
          ],
          "store_path": "/nix/store/gz9addf37imxbwqkilfm3wm2hbz5k110-go-1.21.9"
        },
        "x86_64-linux": {
          "outputs": [
            {
              "name": "out",
              "path": "/nix/store/fhcgycswji65n5khvc4dj0x8f5asvwhs-go-1.21.9",
              "default": true
            }
          ],
          "store_path": "/nix/store/fhcgycswji65n5khvc4dj0x8f5asvwhs-go-1.21.9"
        }
      }
    },
    "gofumpt@latest": {
      "last_modified": "2025-01-19T08:16:51Z",
      "resolved": "github:NixOS/nixpkgs/50165c4f7eb48ce82bd063e1fb8047a0f515f8ce#gofumpt",
      "source": "devbox-search",
      "version": "0.7.0",
      "systems": {
        "aarch64-darwin": {
          "outputs": [
            {
              "name": "out",
              "path": "/nix/store/nvipsp6sdl4z4ayfz2csja78admp7hh3-gofumpt-0.7.0",
              "default": true
            }
          ],
          "store_path": "/nix/store/nvipsp6sdl4z4ayfz2csja78admp7hh3-gofumpt-0.7.0"
        },
        "aarch64-linux": {
          "outputs": [
            {
              "name": "out",
              "path": "/nix/store/5pmc8wbhd00z4s5qwipmhxnmldg7glzr-gofumpt-0.7.0",
              "default": true
            }
          ],
          "store_path": "/nix/store/5pmc8wbhd00z4s5qwipmhxnmldg7glzr-gofumpt-0.7.0"
        },
        "x86_64-darwin": {
          "outputs": [
            {
              "name": "out",
              "path": "/nix/store/vg38xm3d1rp1qij1m5cc28b4yx3z0in4-gofumpt-0.7.0",
              "default": true
            }
          ],
          "store_path": "/nix/store/vg38xm3d1rp1qij1m5cc28b4yx3z0in4-gofumpt-0.7.0"
        },
        "x86_64-linux": {
          "outputs": [
            {
              "name": "out",
              "path": "/nix/store/yzmdkhg1iv08ffzwbxym5pxn3mjsn5x1-gofumpt-0.7.0",
              "default": true
            }
          ],
          "store_path": "/nix/store/yzmdkhg1iv08ffzwbxym5pxn3mjsn5x1-gofumpt-0.7.0"
        }
      }
    },
    "jq@latest": {
      "last_modified": "2025-02-05T23:13:39Z",
      "resolved": "github:NixOS/nixpkgs/1da52dd49a127ad74486b135898da2cef8c62665#jq",
      "source": "devbox-search",
      "version": "1.7.1",
      "systems": {
        "aarch64-darwin": {
          "outputs": [
            {
              "name": "bin",
              "path": "/nix/store/ri8k487849v9b290iz384pi1lgw7n585-jq-1.7.1-bin",
              "default": true
            },
            {
              "name": "man",
              "path": "/nix/store/l9nf6sjs9hyvjfkmm9njw00mmvh88f6n-jq-1.7.1-man",
              "default": true
            },
            {
              "name": "out",
              "path": "/nix/store/sj86jzxi9p5pipih6fx7sw9pw6j54qbl-jq-1.7.1"
            },
            {
              "name": "dev",
              "path": "/nix/store/n7880d10c16s05bzg4xh4ak9j7fz9440-jq-1.7.1-dev"
            },
            {
              "name": "doc",
              "path": "/nix/store/axim640z0z67x48qr8nq79qph5j3vj05-jq-1.7.1-doc"
            }
          ],
          "store_path": "/nix/store/ri8k487849v9b290iz384pi1lgw7n585-jq-1.7.1-bin"
        },
        "aarch64-linux": {
          "outputs": [
            {
              "name": "bin",
              "path": "/nix/store/z5vhfsyh4yh7f018q036q260h363a56w-jq-1.7.1-bin",
              "default": true
            },
            {
              "name": "man",
              "path": "/nix/store/hvb2dfhc1k02abmai7n3bxi2w7i85k3q-jq-1.7.1-man",
              "default": true
            },
            {
              "name": "dev",
              "path": "/nix/store/6xqw0a045m2s6kg7bdx8f0y88x55iw18-jq-1.7.1-dev"
            },
            {
              "name": "doc",
              "path": "/nix/store/7120g78wnwvhsazmd65g3v6hkn7fijj6-jq-1.7.1-doc"
            },
            {
              "name": "out",
              "path": "/nix/store/qky6im9rkx32bkngy05lgf2j2mhc9sa1-jq-1.7.1"
            }
          ],
          "store_path": "/nix/store/z5vhfsyh4yh7f018q036q260h363a56w-jq-1.7.1-bin"
        },
        "x86_64-darwin": {
          "outputs": [
            {
              "name": "bin",
              "path": "/nix/store/1g73qfq41vldzhaxz82f9dbw3pvsgr5g-jq-1.7.1-bin",
              "default": true
            },
            {
              "name": "man",
              "path": "/nix/store/l9jl6mn6f7z8ki4wg4zqa28l3222wbdb-jq-1.7.1-man",
              "default": true
            },
            {
              "name": "out",
              "path": "/nix/store/03q69wc4wg57w1i5bapd0671a8wimfhf-jq-1.7.1"
            },
            {
              "name": "dev",
              "path": "/nix/store/xfa0x8yf8nqka5fjvknmwnbgsixx0rqf-jq-1.7.1-dev"
            },
            {
              "name": "doc",
              "path": "/nix/store/3d3vbk2iwg3c2kgbmmr6r6707xkszhy4-jq-1.7.1-doc"
            }
          ],
          "store_path": "/nix/store/1g73qfq41vldzhaxz82f9dbw3pvsgr5g-jq-1.7.1-bin"
        },
        "x86_64-linux": {
          "outputs": [
            {
              "name": "bin",
              "path": "/nix/store/69msxmwsxfbxx8mzigzrfppgz6qk1sx8-jq-1.7.1-bin",
              "default": true
            },
            {
              "name": "man",
              "path": "/nix/store/0j2mhyyc4rp63wlqip4n9j356nlcqznv-jq-1.7.1-man",
              "default": true
            },
            {
              "name": "doc",
              "path": "/nix/store/bnzrjq3bpagqhd55mz09i8lx6l2qzwq4-jq-1.7.1-doc"
            },
            {
              "name": "out",
              "path": "/nix/store/rxy1z6zcwgrj59gn91r561s3dj0xgjqg-jq-1.7.1"
            },
            {
              "name": "dev",
              "path": "/nix/store/135pr45fck6iqk1mym8rlb9hz0vxn2cj-jq-1.7.1-dev"
            }
          ],
          "store_path": "/nix/store/69msxmwsxfbxx8mzigzrfppgz6qk1sx8-jq-1.7.1-bin"
        }
      }
    },
    "lsof@latest": {
      "last_modified": "2025-01-19T08:16:51Z",
      "resolved": "github:NixOS/nixpkgs/50165c4f7eb48ce82bd063e1fb8047a0f515f8ce#lsof",
      "source": "devbox-search",
      "version": "4.99.4",
      "systems": {
        "aarch64-darwin": {
          "outputs": [
            {
              "name": "out",
              "path": "/nix/store/yg0cjakywql5fjlkqv7kmyg38kygvahd-lsof-4.99.4",
              "default": true
            }
          ],
          "store_path": "/nix/store/yg0cjakywql5fjlkqv7kmyg38kygvahd-lsof-4.99.4"
        },
        "aarch64-linux": {
          "outputs": [
            {
              "name": "out",
              "path": "/nix/store/51zv5ynx4vaa5a18jh0d4vkxnwspsz9r-lsof-4.99.4",
              "default": true
            }
          ],
          "store_path": "/nix/store/51zv5ynx4vaa5a18jh0d4vkxnwspsz9r-lsof-4.99.4"
        },
        "x86_64-darwin": {
          "outputs": [
            {
              "name": "out",
              "path": "/nix/store/7w6rj93bv8w0zcsdp7gbbg3kajkiyyzd-lsof-4.99.4",
              "default": true
            }
          ],
          "store_path": "/nix/store/7w6rj93bv8w0zcsdp7gbbg3kajkiyyzd-lsof-4.99.4"
        },
        "x86_64-linux": {
          "outputs": [
            {
              "name": "out",
              "path": "/nix/store/8ryzih3hy6s4iid7r34gsxs8pm8wj1zk-lsof-4.99.4",
              "default": true
            }
          ],
          "store_path": "/nix/store/8ryzih3hy6s4iid7r34gsxs8pm8wj1zk-lsof-4.99.4"
        }
      }
    },
    "nodejs_20@latest": {
      "last_modified": "2025-01-31T04:26:24Z",
      "plugin_version": "0.0.2",
      "resolved": "github:NixOS/nixpkgs/9189ac18287c599860e878e905da550aa6dec1cd#nodejs_20",
      "source": "devbox-search",
      "version": "20.18.2",
      "systems": {
        "aarch64-darwin": {
          "outputs": [
            {
              "name": "out",
              "path": "/nix/store/2jhf8cfp267dp7rlcg8cw00mdzc7yk7i-nodejs-20.18.2",
              "default": true
            },
            {
              "name": "libv8",
              "path": "/nix/store/p9s29bryddnzzzkv14xqdkqmxjm0hzw2-nodejs-20.18.2-libv8"
            }
          ],
          "store_path": "/nix/store/2jhf8cfp267dp7rlcg8cw00mdzc7yk7i-nodejs-20.18.2"
        },
        "aarch64-linux": {
          "outputs": [
            {
              "name": "out",
              "path": "/nix/store/8ylzx8r2iy2wrrw319cmh180nxxvn1a8-nodejs-20.18.2",
              "default": true
            },
            {
              "name": "libv8",
              "path": "/nix/store/2hbdn1x78p5crazlqxbqj65z64xv9plc-nodejs-20.18.2-libv8"
            }
          ],
          "store_path": "/nix/store/8ylzx8r2iy2wrrw319cmh180nxxvn1a8-nodejs-20.18.2"
        },
        "x86_64-darwin": {
          "outputs": [
            {
              "name": "out",
              "path": "/nix/store/0aw49ya4bvn7vqr46y0qhxx5j7x92pw6-nodejs-20.18.2",
              "default": true
            },
            {
              "name": "libv8",
              "path": "/nix/store/0n1qjxs2qm0bwwd0c4s5m8lc1v2iqjvn-nodejs-20.18.2-libv8"
            }
          ],
          "store_path": "/nix/store/0aw49ya4bvn7vqr46y0qhxx5j7x92pw6-nodejs-20.18.2"
        },
        "x86_64-linux": {
          "outputs": [
            {
              "name": "out",
              "path": "/nix/store/30jk131szli6im65ypv277qrqc5ry1z2-nodejs-20.18.2",
              "default": true
            },
            {
              "name": "libv8",
              "path": "/nix/store/hnphlw1y73k2ydfd55g0qnqsss1ds4kg-nodejs-20.18.2-libv8"
            }
          ],
          "store_path": "/nix/store/30jk131szli6im65ypv277qrqc5ry1z2-nodejs-20.18.2"
        }
      }
    },
    "postgresql_16@latest": {
      "last_modified": "2025-02-05T23:13:39Z",
      "plugin_version": "0.0.2",
      "resolved": "github:NixOS/nixpkgs/1da52dd49a127ad74486b135898da2cef8c62665#postgresql_16",
      "source": "devbox-search",
      "version": "16.6",
      "systems": {
        "aarch64-darwin": {
          "outputs": [
            {
              "name": "out",
              "path": "/nix/store/69i61vidm3i7w77hw9sqhm1akv3rbhgm-postgresql-16.6",
              "default": true
            },
            {
              "name": "man",
              "path": "/nix/store/ysbn6ry9krifah7blxjzwzd2778dm8kj-postgresql-16.6-man",
              "default": true
            },
            {
              "name": "doc",
              "path": "/nix/store/2xxyx0767w8pyzsjcp5s297ihhwzwdx1-postgresql-16.6-doc"
            },
            {
              "name": "lib",
              "path": "/nix/store/n1vkxpg00x8rcisxkdvczv5ajs4iym3n-postgresql-16.6-lib"
            },
            {
              "name": "dev",
              "path": "/nix/store/cb4gd9gsyg1vqjf0b1qyasa70s00y0a9-postgresql-16.6-dev"
            }
          ],
          "store_path": "/nix/store/69i61vidm3i7w77hw9sqhm1akv3rbhgm-postgresql-16.6"
        },
        "aarch64-linux": {
          "outputs": [
            {
              "name": "out",
              "path": "/nix/store/7y0196h2iqy16l2s0qyilv3y7r7plnl8-postgresql-16.6",
              "default": true
            },
            {
              "name": "man",
              "path": "/nix/store/wzbf4f8y3riy04rj0qcyz4gcg8fqh7s9-postgresql-16.6-man",
              "default": true
            },
            {
              "name": "debug",
              "path": "/nix/store/5bis50misc30hdnsdnphlsdn5bwdn15c-postgresql-16.6-debug"
            },
            {
              "name": "dev",
              "path": "/nix/store/m20s2fngzmw8jlnlv15a3zdc2c7vazvc-postgresql-16.6-dev"
            },
            {
              "name": "doc",
              "path": "/nix/store/dcgfsbynhvrwg14gkn61j7nxmgbx8q35-postgresql-16.6-doc"
            },
            {
              "name": "lib",
              "path": "/nix/store/ikw766fir6k06n15b7cl8hfgkhv72hbx-postgresql-16.6-lib"
            }
          ],
          "store_path": "/nix/store/7y0196h2iqy16l2s0qyilv3y7r7plnl8-postgresql-16.6"
        },
        "x86_64-darwin": {
          "outputs": [
            {
              "name": "out",
              "path": "/nix/store/8b8qv357nhnrnn19l284bgqpibm71v37-postgresql-16.6",
              "default": true
            },
            {
              "name": "man",
              "path": "/nix/store/ag220f04j0lf1ar80arlvfv4x78kvbkb-postgresql-16.6-man",
              "default": true
            },
            {
              "name": "dev",
              "path": "/nix/store/gqq7qjn33snr65qs6383givjvzqx6602-postgresql-16.6-dev"
            },
            {
              "name": "doc",
              "path": "/nix/store/m3fww354lj8qf7wmm2wx9mid4c8h5w25-postgresql-16.6-doc"
            },
            {
              "name": "lib",
              "path": "/nix/store/8mzimjhbfy2zdys7g2bys7z8d2d6f9k3-postgresql-16.6-lib"
            }
          ],
          "store_path": "/nix/store/8b8qv357nhnrnn19l284bgqpibm71v37-postgresql-16.6"
        },
        "x86_64-linux": {
          "outputs": [
            {
              "name": "out",
              "path": "/nix/store/4vc8268h68idx8m6x2naf22g6s9qvrjc-postgresql-16.6",
              "default": true
            },
            {
              "name": "man",
              "path": "/nix/store/p97zk15zlykc1hx2sxz755pclhrjj44w-postgresql-16.6-man",
              "default": true
            },
            {
              "name": "debug",
              "path": "/nix/store/0wqb99h06w8scnwjchrjifr1m3lmkgmv-postgresql-16.6-debug"
            },
            {
              "name": "dev",
              "path": "/nix/store/2wz74hp6vx8i74kz4wysy5pzr4s1xkdb-postgresql-16.6-dev"
            },
            {
              "name": "doc",
              "path": "/nix/store/1qabs6j1q1ziz824swhqy8wkqmfrrzvr-postgresql-16.6-doc"
            },
            {
              "name": "lib",
              "path": "/nix/store/js1x29m2fg6yifqnnq6jiliipbfqi3c5-postgresql-16.6-lib"
            }
          ],
          "store_path": "/nix/store/4vc8268h68idx8m6x2naf22g6s9qvrjc-postgresql-16.6"
        }
      }
    },
    "yamlfmt@latest": {
      "last_modified": "2025-01-19T08:16:51Z",
      "resolved": "github:NixOS/nixpkgs/50165c4f7eb48ce82bd063e1fb8047a0f515f8ce#yamlfmt",
      "source": "devbox-search",
      "version": "0.15.0",
      "systems": {
        "aarch64-darwin": {
          "outputs": [
            {
              "name": "out",
              "path": "/nix/store/9jrwgkpw4s3467gdhlx478zwf5p63jbk-yamlfmt-0.15.0",
              "default": true
            }
          ],
          "store_path": "/nix/store/9jrwgkpw4s3467gdhlx478zwf5p63jbk-yamlfmt-0.15.0"
        },
        "aarch64-linux": {
          "outputs": [
            {
              "name": "out",
              "path": "/nix/store/yl020jdk71scgkh1i86b5z3s88nzlmv3-yamlfmt-0.15.0",
              "default": true
            }
          ],
          "store_path": "/nix/store/yl020jdk71scgkh1i86b5z3s88nzlmv3-yamlfmt-0.15.0"
        },
        "x86_64-darwin": {
          "outputs": [
            {
              "name": "out",
              "path": "/nix/store/p5ljda1l51rbj2ymf52fd2v38mvm1b67-yamlfmt-0.15.0",
              "default": true
            }
          ],
          "store_path": "/nix/store/p5ljda1l51rbj2ymf52fd2v38mvm1b67-yamlfmt-0.15.0"
        },
        "x86_64-linux": {
          "outputs": [
            {
              "name": "out",
              "path": "/nix/store/6jsn1y2bspnka17rqqyh63aw89n0js91-yamlfmt-0.15.0",
              "default": true
            }
          ],
          "store_path": "/nix/store/6jsn1y2bspnka17rqqyh63aw89n0js91-yamlfmt-0.15.0"
        }
      }
    }
  }
}
